
Microsoft Visual Studio Solution File, Format Version 12.00
# Visual Studio Version 17
VisualStudioVersion = 17.12.35309.182
MinimumVisualStudioVersion = 10.0.40219.1
Project("{FAE04EC0-301F-11D3-BF4B-00C04F79EFBC}") = "PCVR Nexus", "PCVR Nexus\PCVR Nexus.csproj", "{89639813-994A-4D99-9E16-9CED994886DA}"
EndProject
Global
	GlobalSection(SolutionConfigurationPlatforms) = preSolution
		Debug|Any CPU = Debug|Any CPU
		Release|Any CPU = Release|Any CPU
	EndGlobalSection
	GlobalSection(ProjectConfigurationPlatforms) = postSolution
		{89639813-994A-4D99-9E16-9CED994886DA}.Debug|Any CPU.ActiveCfg = Debug|Any CPU
		{89639813-994A-4D99-9E16-9CED994886DA}.Debug|Any CPU.Build.0 = Debug|Any CPU
		{89639813-994A-4D99-9E16-9CED994886DA}.Release|Any CPU.ActiveCfg = Release|Any CPU
		{89639813-994A-4D99-9E16-9CED994886DA}.Release|Any CPU.Build.0 = Release|Any CPU
	EndGlobalSection
	GlobalSection(SolutionProperties) = preSolution
		HideSolutionNode = FALSE
	EndGlobalSection
	GlobalSection(ExtensibilityGlobals) = postSolution
		SolutionGuid = {43F1A9AF-2299-422A-B1DF-D2BE48C0D989}
	EndGlobalSection
EndGlobal
